---
# Run tasks to configure faillock.conf file

# Configure pwquality.conf settings
# These settigs are used later on pam modules
- name: Update /etc/security/faillock.conf
  ansible.builtin.template:
    src: faillock.conf.j2
    dest: /etc/security/faillock.conf
    owner: root
    group: root
    mode: '0644'
    backup: yes
